
Microsoft Visual Studio Solution File, Format Version 12.00
# Visual Studio Version 17
VisualStudioVersion = 17.5.002.0
MinimumVisualStudioVersion = 10.0.40219.1
Project("{9A19103F-16F7-4668-BE54-9A1E7A4F7556}") = "minimal-api", "minimal-api.csproj", "{BB7B5979-87D5-4DEE-80F5-52F45DA9C3BF}"
EndProject
Global
	GlobalSection(SolutionConfigurationPlatforms) = preSolution
		Debug|Any CPU = Debug|Any CPU
		Release|Any CPU = Release|Any CPU
	EndGlobalSection
	GlobalSection(ProjectConfigurationPlatforms) = postSolution
		{BB7B5979-87D5-4DEE-80F5-52F45DA9C3BF}.Debug|Any CPU.ActiveCfg = Debug|Any CPU
		{BB7B5979-87D5-4DEE-80F5-52F45DA9C3BF}.Debug|Any CPU.Build.0 = Debug|Any CPU
		{BB7B5979-87D5-4DEE-80F5-52F45DA9C3BF}.Release|Any CPU.ActiveCfg = Release|Any CPU
		{BB7B5979-87D5-4DEE-80F5-52F45DA9C3BF}.Release|Any CPU.Build.0 = Release|Any CPU
	EndGlobalSection
	GlobalSection(SolutionProperties) = preSolution
		HideSolutionNode = FALSE
	EndGlobalSection
	GlobalSection(ExtensibilityGlobals) = postSolution
		SolutionGuid = {E9D0CB06-E0FC-42A4-A2FC-EEAF98304B9A}
	EndGlobalSection
EndGlobal
